
Microsoft Visual Studio Solution File, Format Version 12.00
# Visual Studio 15
VisualStudioVersion = 15.0.27428.2002
MinimumVisualStudioVersion = 10.0.40219.1
Project("{FAE04EC0-301F-11D3-BF4B-00C04F79EFBC}") = "Tgit2", "Tgit2\Tgit2.csproj", "{3125D1D0-0E2B-42D9-8E24-781077CD083D}"
EndProject
Global
	GlobalSection(SolutionConfigurationPlatforms) = preSolution
		Debug|Any CPU = Debug|Any CPU
		Release|Any CPU = Release|Any CPU
	EndGlobalSection
	GlobalSection(ProjectConfigurationPlatforms) = postSolution
		{3125D1D0-0E2B-42D9-8E24-781077CD083D}.Debug|Any CPU.ActiveCfg = Debug|Any CPU
		{3125D1D0-0E2B-42D9-8E24-781077CD083D}.Debug|Any CPU.Build.0 = Debug|Any CPU
		{3125D1D0-0E2B-42D9-8E24-781077CD083D}.Release|Any CPU.ActiveCfg = Release|Any CPU
		{3125D1D0-0E2B-42D9-8E24-781077CD083D}.Release|Any CPU.Build.0 = Release|Any CPU
	EndGlobalSection
	GlobalSection(SolutionProperties) = preSolution
		HideSolutionNode = FALSE
	EndGlobalSection
	GlobalSection(ExtensibilityGlobals) = postSolution
		SolutionGuid = {E8FC2E52-B07E-4DE2-8A9D-9372D67F0155}
	EndGlobalSection
EndGlobal
